
Microsoft Visual Studio Solution File, Format Version 12.00
# Visual Studio 15
VisualStudioVersion = 15.0.26730.16
MinimumVisualStudioVersion = 10.0.40219.1
Project("{FAE04EC0-301F-11D3-BF4B-00C04F79EFBC}") = "SavedIt.Droid", "SavedIt.Droid\SavedIt.Droid.csproj", "{CD82F45C-33F2-490A-989F-1248CD6EE6C6}"
EndProject
Project("{FAE04EC0-301F-11D3-BF4B-00C04F79EFBC}") = "SavedIt.Core", "SavedIt.Core\SavedIt.Core.csproj", "{CD0DE12B-07A3-4FA8-A73E-E77DF24D49D5}"
EndProject
Global
	GlobalSection(SolutionConfigurationPlatforms) = preSolution
		Debug|Any CPU = Debug|Any CPU
		Release|Any CPU = Release|Any CPU
	EndGlobalSection
	GlobalSection(ProjectConfigurationPlatforms) = postSolution
		{CD82F45C-33F2-490A-989F-1248CD6EE6C6}.Debug|Any CPU.ActiveCfg = Debug|Any CPU
		{CD82F45C-33F2-490A-989F-1248CD6EE6C6}.Debug|Any CPU.Build.0 = Debug|Any CPU
		{CD82F45C-33F2-490A-989F-1248CD6EE6C6}.Debug|Any CPU.Deploy.0 = Debug|Any CPU
		{CD82F45C-33F2-490A-989F-1248CD6EE6C6}.Release|Any CPU.ActiveCfg = Release|Any CPU
		{CD82F45C-33F2-490A-989F-1248CD6EE6C6}.Release|Any CPU.Build.0 = Release|Any CPU
		{CD82F45C-33F2-490A-989F-1248CD6EE6C6}.Release|Any CPU.Deploy.0 = Release|Any CPU
		{CD0DE12B-07A3-4FA8-A73E-E77DF24D49D5}.Debug|Any CPU.ActiveCfg = Debug|Any CPU
		{CD0DE12B-07A3-4FA8-A73E-E77DF24D49D5}.Debug|Any CPU.Build.0 = Debug|Any CPU
		{CD0DE12B-07A3-4FA8-A73E-E77DF24D49D5}.Release|Any CPU.ActiveCfg = Release|Any CPU
		{CD0DE12B-07A3-4FA8-A73E-E77DF24D49D5}.Release|Any CPU.Build.0 = Release|Any CPU
	EndGlobalSection
	GlobalSection(SolutionProperties) = preSolution
		HideSolutionNode = FALSE
	EndGlobalSection
	GlobalSection(ExtensibilityGlobals) = postSolution
		SolutionGuid = {0F6BAE35-824F-4893-BB7D-FE9B33965E92}
	EndGlobalSection
EndGlobal
